
Microsoft Visual Studio Solution File, Format Version 12.00
# Visual Studio Version 17
VisualStudioVersion = 17.0.31903.59
MinimumVisualStudioVersion = 10.0.40219.1
Project("{FAE04EC0-301F-11D3-BF4B-00C04F79EFBC}") = "Sisbancario", "Sisbancario\Sisbancario.csproj", "{40C16669-7834-46D5-B7D4-A61F9454388E}"
EndProject
Global
	GlobalSection(SolutionConfigurationPlatforms) = preSolution
		Debug|Any CPU = Debug|Any CPU
		Release|Any CPU = Release|Any CPU
	EndGlobalSection
	GlobalSection(SolutionProperties) = preSolution
		HideSolutionNode = FALSE
	EndGlobalSection
	GlobalSection(ProjectConfigurationPlatforms) = postSolution
		{40C16669-7834-46D5-B7D4-A61F9454388E}.Debug|Any CPU.ActiveCfg = Debug|Any CPU
		{40C16669-7834-46D5-B7D4-A61F9454388E}.Debug|Any CPU.Build.0 = Debug|Any CPU
		{40C16669-7834-46D5-B7D4-A61F9454388E}.Release|Any CPU.ActiveCfg = Release|Any CPU
		{40C16669-7834-46D5-B7D4-A61F9454388E}.Release|Any CPU.Build.0 = Release|Any CPU
	EndGlobalSection
EndGlobal
